
Microsoft Visual Studio Solution File, Format Version 12.00
# Visual Studio Version 17
VisualStudioVersion = 17.7.34024.191
MinimumVisualStudioVersion = 10.0.40219.1
Project("{FAE04EC0-301F-11D3-BF4B-00C04F79EFBC}") = "MDI_GifFinder", "MDI_GifFinder.csproj", "{AEE228A5-28E9-4DB5-89B1-DA93115DCF6D}"
EndProject
Global
	GlobalSection(SolutionConfigurationPlatforms) = preSolution
		Debug|Any CPU = Debug|Any CPU
		Release|Any CPU = Release|Any CPU
	EndGlobalSection
	GlobalSection(ProjectConfigurationPlatforms) = postSolution
		{AEE228A5-28E9-4DB5-89B1-DA93115DCF6D}.Debug|Any CPU.ActiveCfg = Debug|Any CPU
		{AEE228A5-28E9-4DB5-89B1-DA93115DCF6D}.Debug|Any CPU.Build.0 = Debug|Any CPU
		{AEE228A5-28E9-4DB5-89B1-DA93115DCF6D}.Release|Any CPU.ActiveCfg = Release|Any CPU
		{AEE228A5-28E9-4DB5-89B1-DA93115DCF6D}.Release|Any CPU.Build.0 = Release|Any CPU
	EndGlobalSection
	GlobalSection(SolutionProperties) = preSolution
		HideSolutionNode = FALSE
	EndGlobalSection
	GlobalSection(ExtensibilityGlobals) = postSolution
		SolutionGuid = {EB846CC5-BABF-40F1-9F87-A75D90F98281}
	EndGlobalSection
EndGlobal
