
Microsoft Visual Studio Solution File, Format Version 12.00
# Visual Studio Version 17
VisualStudioVersion = 17.7.34024.191
MinimumVisualStudioVersion = 10.0.40219.1
Project("{FAE04EC0-301F-11D3-BF4B-00C04F79EFBC}") = "UT1_Exercise_4", "UT1_Exercise_4.csproj", "{CFBC3FA1-8E8B-4BE0-B329-05FBE67BC7DB}"
EndProject
Global
	GlobalSection(SolutionConfigurationPlatforms) = preSolution
		Debug|Any CPU = Debug|Any CPU
		Release|Any CPU = Release|Any CPU
	EndGlobalSection
	GlobalSection(ProjectConfigurationPlatforms) = postSolution
		{CFBC3FA1-8E8B-4BE0-B329-05FBE67BC7DB}.Debug|Any CPU.ActiveCfg = Debug|Any CPU
		{CFBC3FA1-8E8B-4BE0-B329-05FBE67BC7DB}.Debug|Any CPU.Build.0 = Debug|Any CPU
		{CFBC3FA1-8E8B-4BE0-B329-05FBE67BC7DB}.Release|Any CPU.ActiveCfg = Release|Any CPU
		{CFBC3FA1-8E8B-4BE0-B329-05FBE67BC7DB}.Release|Any CPU.Build.0 = Release|Any CPU
	EndGlobalSection
	GlobalSection(SolutionProperties) = preSolution
		HideSolutionNode = FALSE
	EndGlobalSection
	GlobalSection(ExtensibilityGlobals) = postSolution
		SolutionGuid = {1FB6708C-E056-425F-BB49-812F21806997}
	EndGlobalSection
EndGlobal
