
Microsoft Visual Studio Solution File, Format Version 12.00
# Visual Studio Version 17
VisualStudioVersion = 17.7.34024.191
MinimumVisualStudioVersion = 10.0.40219.1
Project("{FAE04EC0-301F-11D3-BF4B-00C04F79EFBC}") = "UT2_Exercise_4", "UT2_Exercise_4.csproj", "{4E8D273C-6CD4-47FE-998B-3B92B410058D}"
EndProject
Global
	GlobalSection(SolutionConfigurationPlatforms) = preSolution
		Debug|Any CPU = Debug|Any CPU
		Release|Any CPU = Release|Any CPU
	EndGlobalSection
	GlobalSection(ProjectConfigurationPlatforms) = postSolution
		{4E8D273C-6CD4-47FE-998B-3B92B410058D}.Debug|Any CPU.ActiveCfg = Debug|Any CPU
		{4E8D273C-6CD4-47FE-998B-3B92B410058D}.Debug|Any CPU.Build.0 = Debug|Any CPU
		{4E8D273C-6CD4-47FE-998B-3B92B410058D}.Release|Any CPU.ActiveCfg = Release|Any CPU
		{4E8D273C-6CD4-47FE-998B-3B92B410058D}.Release|Any CPU.Build.0 = Release|Any CPU
	EndGlobalSection
	GlobalSection(SolutionProperties) = preSolution
		HideSolutionNode = FALSE
	EndGlobalSection
	GlobalSection(ExtensibilityGlobals) = postSolution
		SolutionGuid = {5068836E-D793-40FE-AECA-CD423B242765}
	EndGlobalSection
EndGlobal
