
Microsoft Visual Studio Solution File, Format Version 12.00
# Visual Studio Version 17
VisualStudioVersion = 17.7.34024.191
MinimumVisualStudioVersion = 10.0.40219.1
Project("{FAE04EC0-301F-11D3-BF4B-00C04F79EFBC}") = "Unit_Three_Test", "Unit_Three_Test.csproj", "{6F4E03CD-A1BD-4E7C-B348-9089C85F5AC6}"
EndProject
Global
	GlobalSection(SolutionConfigurationPlatforms) = preSolution
		Debug|Any CPU = Debug|Any CPU
		Release|Any CPU = Release|Any CPU
	EndGlobalSection
	GlobalSection(ProjectConfigurationPlatforms) = postSolution
		{6F4E03CD-A1BD-4E7C-B348-9089C85F5AC6}.Debug|Any CPU.ActiveCfg = Debug|Any CPU
		{6F4E03CD-A1BD-4E7C-B348-9089C85F5AC6}.Debug|Any CPU.Build.0 = Debug|Any CPU
		{6F4E03CD-A1BD-4E7C-B348-9089C85F5AC6}.Release|Any CPU.ActiveCfg = Release|Any CPU
		{6F4E03CD-A1BD-4E7C-B348-9089C85F5AC6}.Release|Any CPU.Build.0 = Release|Any CPU
	EndGlobalSection
	GlobalSection(SolutionProperties) = preSolution
		HideSolutionNode = FALSE
	EndGlobalSection
	GlobalSection(ExtensibilityGlobals) = postSolution
		SolutionGuid = {183370D6-721A-4B1F-ADEE-1A4000A0A589}
	EndGlobalSection
EndGlobal
