
Microsoft Visual Studio Solution File, Format Version 12.00
# Visual Studio Version 17
VisualStudioVersion = 17.7.34024.191
MinimumVisualStudioVersion = 10.0.40219.1
Project("{FAE04EC0-301F-11D3-BF4B-00C04F79EFBC}") = "Dyscord", "Dyscord.csproj", "{C221968A-F7EE-4FED-AB6E-A67A595B815E}"
EndProject
Global
	GlobalSection(SolutionConfigurationPlatforms) = preSolution
		Debug|Any CPU = Debug|Any CPU
		Release|Any CPU = Release|Any CPU
	EndGlobalSection
	GlobalSection(ProjectConfigurationPlatforms) = postSolution
		{C221968A-F7EE-4FED-AB6E-A67A595B815E}.Debug|Any CPU.ActiveCfg = Debug|Any CPU
		{C221968A-F7EE-4FED-AB6E-A67A595B815E}.Debug|Any CPU.Build.0 = Debug|Any CPU
		{C221968A-F7EE-4FED-AB6E-A67A595B815E}.Release|Any CPU.ActiveCfg = Release|Any CPU
		{C221968A-F7EE-4FED-AB6E-A67A595B815E}.Release|Any CPU.Build.0 = Release|Any CPU
	EndGlobalSection
	GlobalSection(SolutionProperties) = preSolution
		HideSolutionNode = FALSE
	EndGlobalSection
	GlobalSection(ExtensibilityGlobals) = postSolution
		SolutionGuid = {AE8E3685-9A43-496F-AE96-DB74AA2FD001}
	EndGlobalSection
EndGlobal
