
Microsoft Visual Studio Solution File, Format Version 12.00
# Visual Studio Version 17
VisualStudioVersion = 17.7.34024.191
MinimumVisualStudioVersion = 10.0.40219.1
Project("{FAE04EC0-301F-11D3-BF4B-00C04F79EFBC}") = "Final_Exam_Q6", "Final_Exam_Q6.csproj", "{0DFCC0A6-8885-4019-B675-86F2AF05E16C}"
EndProject
Global
	GlobalSection(SolutionConfigurationPlatforms) = preSolution
		Debug|Any CPU = Debug|Any CPU
		Release|Any CPU = Release|Any CPU
	EndGlobalSection
	GlobalSection(ProjectConfigurationPlatforms) = postSolution
		{0DFCC0A6-8885-4019-B675-86F2AF05E16C}.Debug|Any CPU.ActiveCfg = Debug|Any CPU
		{0DFCC0A6-8885-4019-B675-86F2AF05E16C}.Debug|Any CPU.Build.0 = Debug|Any CPU
		{0DFCC0A6-8885-4019-B675-86F2AF05E16C}.Release|Any CPU.ActiveCfg = Release|Any CPU
		{0DFCC0A6-8885-4019-B675-86F2AF05E16C}.Release|Any CPU.Build.0 = Release|Any CPU
	EndGlobalSection
	GlobalSection(SolutionProperties) = preSolution
		HideSolutionNode = FALSE
	EndGlobalSection
	GlobalSection(ExtensibilityGlobals) = postSolution
		SolutionGuid = {BA2EFDD6-E133-4CB3-95A4-BE6E3F768637}
	EndGlobalSection
EndGlobal
