
Microsoft Visual Studio Solution File, Format Version 12.00
# Visual Studio Version 17
VisualStudioVersion = 17.7.34024.191
MinimumVisualStudioVersion = 10.0.40219.1
Project("{FAE04EC0-301F-11D3-BF4B-00C04F79EFBC}") = "PE20Dom", "PE20Dom.csproj", "{29A0CFE8-EEF1-4B45-B5BD-EDF7CE3419D1}"
EndProject
Global
	GlobalSection(SolutionConfigurationPlatforms) = preSolution
		Debug|Any CPU = Debug|Any CPU
		Release|Any CPU = Release|Any CPU
	EndGlobalSection
	GlobalSection(ProjectConfigurationPlatforms) = postSolution
		{29A0CFE8-EEF1-4B45-B5BD-EDF7CE3419D1}.Debug|Any CPU.ActiveCfg = Debug|Any CPU
		{29A0CFE8-EEF1-4B45-B5BD-EDF7CE3419D1}.Debug|Any CPU.Build.0 = Debug|Any CPU
		{29A0CFE8-EEF1-4B45-B5BD-EDF7CE3419D1}.Release|Any CPU.ActiveCfg = Release|Any CPU
		{29A0CFE8-EEF1-4B45-B5BD-EDF7CE3419D1}.Release|Any CPU.Build.0 = Release|Any CPU
	EndGlobalSection
	GlobalSection(SolutionProperties) = preSolution
		HideSolutionNode = FALSE
	EndGlobalSection
	GlobalSection(ExtensibilityGlobals) = postSolution
		SolutionGuid = {931711BE-520D-429E-808D-E91CAD4801F3}
	EndGlobalSection
EndGlobal
