
Microsoft Visual Studio Solution File, Format Version 12.00
# Visual Studio Version 17
VisualStudioVersion = 17.7.34024.191
MinimumVisualStudioVersion = 10.0.40219.1
Project("{FAE04EC0-301F-11D3-BF4B-00C04F79EFBC}") = "DynamicPeople", "DynamicPeople.csproj", "{11CF160C-6BE5-4D40-BF7B-8AB511E9DB1F}"
EndProject
Global
	GlobalSection(SolutionConfigurationPlatforms) = preSolution
		Debug|Any CPU = Debug|Any CPU
		Release|Any CPU = Release|Any CPU
	EndGlobalSection
	GlobalSection(ProjectConfigurationPlatforms) = postSolution
		{11CF160C-6BE5-4D40-BF7B-8AB511E9DB1F}.Debug|Any CPU.ActiveCfg = Debug|Any CPU
		{11CF160C-6BE5-4D40-BF7B-8AB511E9DB1F}.Debug|Any CPU.Build.0 = Debug|Any CPU
		{11CF160C-6BE5-4D40-BF7B-8AB511E9DB1F}.Release|Any CPU.ActiveCfg = Release|Any CPU
		{11CF160C-6BE5-4D40-BF7B-8AB511E9DB1F}.Release|Any CPU.Build.0 = Release|Any CPU
	EndGlobalSection
	GlobalSection(SolutionProperties) = preSolution
		HideSolutionNode = FALSE
	EndGlobalSection
	GlobalSection(ExtensibilityGlobals) = postSolution
		SolutionGuid = {3392E692-E58E-448E-B40B-D1629AB3CEAA}
	EndGlobalSection
EndGlobal
