
Microsoft Visual Studio Solution File, Format Version 12.00
# Visual Studio Version 17
VisualStudioVersion = 17.7.34024.191
MinimumVisualStudioVersion = 10.0.40219.1
Project("{FAE04EC0-301F-11D3-BF4B-00C04F79EFBC}") = "UT1_Exercise_12", "UT1_Exercise_12.csproj", "{B2B37027-8454-446C-881E-DCAF83A79451}"
EndProject
Global
	GlobalSection(SolutionConfigurationPlatforms) = preSolution
		Debug|Any CPU = Debug|Any CPU
		Release|Any CPU = Release|Any CPU
	EndGlobalSection
	GlobalSection(ProjectConfigurationPlatforms) = postSolution
		{B2B37027-8454-446C-881E-DCAF83A79451}.Debug|Any CPU.ActiveCfg = Debug|Any CPU
		{B2B37027-8454-446C-881E-DCAF83A79451}.Debug|Any CPU.Build.0 = Debug|Any CPU
		{B2B37027-8454-446C-881E-DCAF83A79451}.Release|Any CPU.ActiveCfg = Release|Any CPU
		{B2B37027-8454-446C-881E-DCAF83A79451}.Release|Any CPU.Build.0 = Release|Any CPU
	EndGlobalSection
	GlobalSection(SolutionProperties) = preSolution
		HideSolutionNode = FALSE
	EndGlobalSection
	GlobalSection(ExtensibilityGlobals) = postSolution
		SolutionGuid = {4A53C87E-4BF0-47AB-BA85-29BD08935F08}
	EndGlobalSection
EndGlobal
